// !$*UTF8*$!
{
	archiveVersion = 1;
	classes = {
	};
	objectVersion = 46;
	objects = {

/* Begin PBXBuildFile section */
		6F6E28341D0FCDB50061B651 /* AppDelegate.swift in Sources */ = {isa = PBXBuildFile; fileRef = 6F6E28331D0FCDB50061B651 /* AppDelegate.swift */; };
		6F6E28361D0FCDB50061B651 /* ViewController.swift in Sources */ = {isa = PBXBuildFile; fileRef = 6F6E28351D0FCDB50061B651 /* ViewController.swift */; };
		6F6E28391D0FCDB50061B651 /* Main.storyboard in Resources */ = {isa = PBXBuildFile; fileRef = 6F6E28371D0FCDB50061B651 /* Main.storyboard */; };
		6F6E283C1D0FCDB50061B651 /* FlickDemo.xcdatamodeld in Sources */ = {isa = PBXBuildFile; fileRef = 6F6E283A1D0FCDB50061B651 /* FlickDemo.xcdatamodeld */; };
		6F6E283E1D0FCDB50061B651 /* Assets.xcassets in Resources */ = {isa = PBXBuildFile; fileRef = 6F6E283D1D0FCDB50061B651 /* Assets.xcassets */; };
		6F6E28411D0FCDB50061B651 /* LaunchScreen.storyboard in Resources */ = {isa = PBXBuildFile; fileRef = 6F6E283F1D0FCDB50061B651 /* LaunchScreen.storyboard */; };
		6F6E284C1D0FCDB50061B651 /* FlickDemoTests.swift in Sources */ = {isa = PBXBuildFile; fileRef = 6F6E284B1D0FCDB50061B651 /* FlickDemoTests.swift */; };
		6F6E28571D0FCDB50061B651 /* FlickDemoUITests.swift in Sources */ = {isa = PBXBuildFile; fileRef = 6F6E28561D0FCDB50061B651 /* FlickDemoUITests.swift */; };
		6F7ACA101D10032500453345 /* TestViewController.swift in Sources */ = {isa = PBXBuildFile; fileRef = 6F7ACA0F1D10032500453345 /* TestViewController.swift */; };
		6F7ACA121D10071E00453345 /* overLayView.xib in Resources */ = {isa = PBXBuildFile; fileRef = 6F7ACA111D10071E00453345 /* overLayView.xib */; };
		6F7ACA141D10077900453345 /* overLayView.swift in Sources */ = {isa = PBXBuildFile; fileRef = 6F7ACA131D10077900453345 /* overLayView.swift */; };
		6FD7CE691D10FEC9002D8696 /* FlickView.swift in Sources */ = {isa = PBXBuildFile; fileRef = 6FD7CE681D10FEC9002D8696 /* FlickView.swift */; };
		6FD7CEA81D111FF2002D8696 /* RewriteViewController.swift in Sources */ = {isa = PBXBuildFile; fileRef = 6FD7CEA71D111FF2002D8696 /* RewriteViewController.swift */; };
		6FD7CEAA1D112C85002D8696 /* LayoverView.swift in Sources */ = {isa = PBXBuildFile; fileRef = 6FD7CEA91D112C85002D8696 /* LayoverView.swift */; };
		6FD7CEAC1D114348002D8696 /* backgroundView.swift in Sources */ = {isa = PBXBuildFile; fileRef = 6FD7CEAB1D114348002D8696 /* backgroundView.swift */; };
		D49335DF284BA4F71B933304 /* Pods.framework in Frameworks */ = {isa = PBXBuildFile; fileRef = EECA4AF1777DCA488ADBD3CC /* Pods.framework */; };
/* End PBXBuildFile section */

/* Begin PBXContainerItemProxy section */
		6F6E28481D0FCDB50061B651 /* PBXContainerItemProxy */ = {
			isa = PBXContainerItemProxy;
			containerPortal = 6F6E28281D0FCDB50061B651 /* Project object */;
			proxyType = 1;
			remoteGlobalIDString = 6F6E282F1D0FCDB50061B651;
			remoteInfo = FlickDemo;
		};
		6F6E28531D0FCDB50061B651 /* PBXContainerItemProxy */ = {
			isa = PBXContainerItemProxy;
			containerPortal = 6F6E28281D0FCDB50061B651 /* Project object */;
			proxyType = 1;
			remoteGlobalIDString = 6F6E282F1D0FCDB50061B651;
			remoteInfo = FlickDemo;
		};
/* End PBXContainerItemProxy section */

/* Begin PBXFileReference section */
		6F6E28301D0FCDB50061B651 /* FlickDemo.app */ = {isa = PBXFileReference; explicitFileType = wrapper.application; includeInIndex = 0; path = FlickDemo.app; sourceTree = BUILT_PRODUCTS_DIR; };
		6F6E28331D0FCDB50061B651 /* AppDelegate.swift */ = {isa = PBXFileReference; lastKnownFileType = sourcecode.swift; path = AppDelegate.swift; sourceTree = "<group>"; };
		6F6E28351D0FCDB50061B651 /* ViewController.swift */ = {isa = PBXFileReference; lastKnownFileType = sourcecode.swift; path = ViewController.swift; sourceTree = "<group>"; };
		6F6E28381D0FCDB50061B651 /* Base */ = {isa = PBXFileReference; lastKnownFileType = file.storyboard; name = Base; path = Base.lproj/Main.storyboard; sourceTree = "<group>"; };
		6F6E283B1D0FCDB50061B651 /* FlickDemo.xcdatamodel */ = {isa = PBXFileReference; lastKnownFileType = wrapper.xcdatamodel; path = FlickDemo.xcdatamodel; sourceTree = "<group>"; };
		6F6E283D1D0FCDB50061B651 /* Assets.xcassets */ = {isa = PBXFileReference; lastKnownFileType = folder.assetcatalog; path = Assets.xcassets; sourceTree = "<group>"; };
		6F6E28401D0FCDB50061B651 /* Base */ = {isa = PBXFileReference; lastKnownFileType = file.storyboard; name = Base; path = Base.lproj/LaunchScreen.storyboard; sourceTree = "<group>"; };
		6F6E28421D0FCDB50061B651 /* Info.plist */ = {isa = PBXFileReference; lastKnownFileType = text.plist.xml; path = Info.plist; sourceTree = "<group>"; };
		6F6E28471D0FCDB50061B651 /* FlickDemoTests.xctest */ = {isa = PBXFileReference; explicitFileType = wrapper.cfbundle; includeInIndex = 0; path = FlickDemoTests.xctest; sourceTree = BUILT_PRODUCTS_DIR; };
		6F6E284B1D0FCDB50061B651 /* FlickDemoTests.swift */ = {isa = PBXFileReference; lastKnownFileType = sourcecode.swift; path = FlickDemoTests.swift; sourceTree = "<group>"; };
		6F6E284D1D0FCDB50061B651 /* Info.plist */ = {isa = PBXFileReference; lastKnownFileType = text.plist.xml; path = Info.plist; sourceTree = "<group>"; };
		6F6E28521D0FCDB50061B651 /* FlickDemoUITests.xctest */ = {isa = PBXFileReference; explicitFileType = wrapper.cfbundle; includeInIndex = 0; path = FlickDemoUITests.xctest; sourceTree = BUILT_PRODUCTS_DIR; };
		6F6E28561D0FCDB50061B651 /* FlickDemoUITests.swift */ = {isa = PBXFileReference; lastKnownFileType = sourcecode.swift; path = FlickDemoUITests.swift; sourceTree = "<group>"; };
		6F6E28581D0FCDB50061B651 /* Info.plist */ = {isa = PBXFileReference; lastKnownFileType = text.plist.xml; path = Info.plist; sourceTree = "<group>"; };
		6F7ACA0F1D10032500453345 /* TestViewController.swift */ = {isa = PBXFileReference; fileEncoding = 4; lastKnownFileType = sourcecode.swift; path = TestViewController.swift; sourceTree = "<group>"; };
		6F7ACA111D10071E00453345 /* overLayView.xib */ = {isa = PBXFileReference; fileEncoding = 4; lastKnownFileType = file.xib; path = overLayView.xib; sourceTree = "<group>"; };
		6F7ACA131D10077900453345 /* overLayView.swift */ = {isa = PBXFileReference; fileEncoding = 4; lastKnownFileType = sourcecode.swift; path = overLayView.swift; sourceTree = "<group>"; };
		6FD7CE681D10FEC9002D8696 /* FlickView.swift */ = {isa = PBXFileReference; fileEncoding = 4; lastKnownFileType = sourcecode.swift; path = FlickView.swift; sourceTree = "<group>"; };
		6FD7CEA71D111FF2002D8696 /* RewriteViewController.swift */ = {isa = PBXFileReference; fileEncoding = 4; lastKnownFileType = sourcecode.swift; path = RewriteViewController.swift; sourceTree = "<group>"; };
		6FD7CEA91D112C85002D8696 /* LayoverView.swift */ = {isa = PBXFileReference; fileEncoding = 4; lastKnownFileType = sourcecode.swift; path = LayoverView.swift; sourceTree = "<group>"; };
		6FD7CEAB1D114348002D8696 /* backgroundView.swift */ = {isa = PBXFileReference; fileEncoding = 4; lastKnownFileType = sourcecode.swift; path = backgroundView.swift; sourceTree = "<group>"; };
		D26BE0965692B3A9668EA439 /* Pods.debug.xcconfig */ = {isa = PBXFileReference; includeInIndex = 1; lastKnownFileType = text.xcconfig; name = Pods.debug.xcconfig; path = "Pods/Target Support Files/Pods/Pods.debug.xcconfig"; sourceTree = "<group>"; };
		EECA4AF1777DCA488ADBD3CC /* Pods.framework */ = {isa = PBXFileReference; explicitFileType = wrapper.framework; includeInIndex = 0; path = Pods.framework; sourceTree = BUILT_PRODUCTS_DIR; };
		F1978CC337FF3DD494D91522 /* Pods.release.xcconfig */ = {isa = PBXFileReference; includeInIndex = 1; lastKnownFileType = text.xcconfig; name = Pods.release.xcconfig; path = "Pods/Target Support Files/Pods/Pods.release.xcconfig"; sourceTree = "<group>"; };
/* End PBXFileReference section */

/* Begin PBXFrameworksBuildPhase section */
		6F6E282D1D0FCDB50061B651 /* Frameworks */ = {
			isa = PBXFrameworksBuildPhase;
			buildActionMask = 2147483647;
			files = (
				D49335DF284BA4F71B933304 /* Pods.framework in Frameworks */,
			);
			runOnlyForDeploymentPostprocessing = 0;
		};
		6F6E28441D0FCDB50061B651 /* Frameworks */ = {
			isa = PBXFrameworksBuildPhase;
			buildActionMask = 2147483647;
			files = (
			);
			runOnlyForDeploymentPostprocessing = 0;
		};
		6F6E284F1D0FCDB50061B651 /* Frameworks */ = {
			isa = PBXFrameworksBuildPhase;
			buildActionMask = 2147483647;
			files = (
			);
			runOnlyForDeploymentPostprocessing = 0;
		};
/* End PBXFrameworksBuildPhase section */

/* Begin PBXGroup section */
		6F6E28271D0FCDB50061B651 = {
			isa = PBXGroup;
			children = (
				6F6E28321D0FCDB50061B651 /* FlickDemo */,
				6F6E284A1D0FCDB50061B651 /* FlickDemoTests */,
				6F6E28551D0FCDB50061B651 /* FlickDemoUITests */,
				6F6E28311D0FCDB50061B651 /* Products */,
				E0F3369E0D2EE678F7FCBC23 /* Pods */,
				B7A7A92185DBA4BAA8244DF1 /* Frameworks */,
			);
			sourceTree = "<group>";
		};
		6F6E28311D0FCDB50061B651 /* Products */ = {
			isa = PBXGroup;
			children = (
				6F6E28301D0FCDB50061B651 /* FlickDemo.app */,
				6F6E28471D0FCDB50061B651 /* FlickDemoTests.xctest */,
				6F6E28521D0FCDB50061B651 /* FlickDemoUITests.xctest */,
			);
			name = Products;
			sourceTree = "<group>";
		};
		6F6E28321D0FCDB50061B651 /* FlickDemo */ = {
			isa = PBXGroup;
			children = (
				6F6E28331D0FCDB50061B651 /* AppDelegate.swift */,
				6FD7CE681D10FEC9002D8696 /* FlickView.swift */,
				6FD7CEA91D112C85002D8696 /* LayoverView.swift */,
				6FD7CEAB1D114348002D8696 /* backgroundView.swift */,
				6FD7CEA71D111FF2002D8696 /* RewriteViewController.swift */,
				6F6E28371D0FCDB50061B651 /* Main.storyboard */,
				6F6E28351D0FCDB50061B651 /* ViewController.swift */,
				6F7ACA0F1D10032500453345 /* TestViewController.swift */,
				6F6E283D1D0FCDB50061B651 /* Assets.xcassets */,
				6F7ACA131D10077900453345 /* overLayView.swift */,
				6F7ACA111D10071E00453345 /* overLayView.xib */,
				6F6E283F1D0FCDB50061B651 /* LaunchScreen.storyboard */,
				6F6E28421D0FCDB50061B651 /* Info.plist */,
				6F6E283A1D0FCDB50061B651 /* FlickDemo.xcdatamodeld */,
			);
			path = FlickDemo;
			sourceTree = "<group>";
		};
		6F6E284A1D0FCDB50061B651 /* FlickDemoTests */ = {
			isa = PBXGroup;
			children = (
				6F6E284B1D0FCDB50061B651 /* FlickDemoTests.swift */,
				6F6E284D1D0FCDB50061B651 /* Info.plist */,
			);
			path = FlickDemoTests;
			sourceTree = "<group>";
		};
		6F6E28551D0FCDB50061B651 /* FlickDemoUITests */ = {
			isa = PBXGroup;
			children = (
				6F6E28561D0FCDB50061B651 /* FlickDemoUITests.swift */,
				6F6E28581D0FCDB50061B651 /* Info.plist */,
			);
			path = FlickDemoUITests;
			sourceTree = "<group>";
		};
		B7A7A92185DBA4BAA8244DF1 /* Frameworks */ = {
			isa = PBXGroup;
			children = (
				EECA4AF1777DCA488ADBD3CC /* Pods.framework */,
			);
			name = Frameworks;
			sourceTree = "<group>";
		};
		E0F3369E0D2EE678F7FCBC23 /* Pods */ = {
			isa = PBXGroup;
			children = (
				D26BE0965692B3A9668EA439 /* Pods.debug.xcconfig */,
				F1978CC337FF3DD494D91522 /* Pods.release.xcconfig */,
			);
			name = Pods;
			sourceTree = "<group>";
		};
/* End PBXGroup section */

/* Begin PBXNativeTarget section */
		6F6E282F1D0FCDB50061B651 /* FlickDemo */ = {
			isa = PBXNativeTarget;
			buildConfigurationList = 6F6E285B1D0FCDB50061B651 /* Build configuration list for PBXNativeTarget "FlickDemo" */;
			buildPhases = (
				6842175A4A5D2E9545A79C8D /* Check Pods Manifest.lock */,
				6F6E282C1D0FCDB50061B651 /* Sources */,
				6F6E282D1D0FCDB50061B651 /* Frameworks */,
				6F6E282E1D0FCDB50061B651 /* Resources */,
				13D9C473470DB47163346BBB /* Embed Pods Frameworks */,
				1517C650526D5F666E3951C6 /* Copy Pods Resources */,
			);
			buildRules = (
			);
			dependencies = (
			);
			name = FlickDemo;
			productName = FlickDemo;
			productReference = 6F6E28301D0FCDB50061B651 /* FlickDemo.app */;
			productType = "com.apple.product-type.application";
		};
		6F6E28461D0FCDB50061B651 /* FlickDemoTests */ = {
			isa = PBXNativeTarget;
			buildConfigurationList = 6F6E285E1D0FCDB50061B651 /* Build configuration list for PBXNativeTarget "FlickDemoTests" */;
			buildPhases = (
				6F6E28431D0FCDB50061B651 /* Sources */,
				6F6E28441D0FCDB50061B651 /* Frameworks */,
				6F6E28451D0FCDB50061B651 /* Resources */,
			);
			buildRules = (
			);
			dependencies = (
				6F6E28491D0FCDB50061B651 /* PBXTargetDependency */,
			);
			name = FlickDemoTests;
			productName = FlickDemoTests;
			productReference = 6F6E28471D0FCDB50061B651 /* FlickDemoTests.xctest */;
			productType = "com.apple.product-type.bundle.unit-test";
		};
		6F6E28511D0FCDB50061B651 /* FlickDemoUITests */ = {
			isa = PBXNativeTarget;
			buildConfigurationList = 6F6E28611D0FCDB50061B651 /* Build configuration list for PBXNativeTarget "FlickDemoUITests" */;
			buildPhases = (
				6F6E284E1D0FCDB50061B651 /* Sources */,
				6F6E284F1D0FCDB50061B651 /* Frameworks */,
				6F6E28501D0FCDB50061B651 /* Resources */,
			);
			buildRules = (
			);
			dependencies = (
				6F6E28541D0FCDB50061B651 /* PBXTargetDependency */,
			);
			name = FlickDemoUITests;
			productName = FlickDemoUITests;
			productReference = 6F6E28521D0FCDB50061B651 /* FlickDemoUITests.xctest */;
			productType = "com.apple.product-type.bundle.ui-testing";
		};
/* End PBXNativeTarget section */

/* Begin PBXProject section */
		6F6E28281D0FCDB50061B651 /* Project object */ = {
			isa = PBXProject;
			attributes = {
				LastSwiftUpdateCheck = 0730;
				LastUpgradeCheck = 0730;
				ORGANIZATIONNAME = com.streamind;
				TargetAttributes = {
					6F6E282F1D0FCDB50061B651 = {
						CreatedOnToolsVersion = 7.3;
					};
					6F6E28461D0FCDB50061B651 = {
						CreatedOnToolsVersion = 7.3;
						TestTargetID = 6F6E282F1D0FCDB50061B651;
					};
					6F6E28511D0FCDB50061B651 = {
						CreatedOnToolsVersion = 7.3;
						TestTargetID = 6F6E282F1D0FCDB50061B651;
					};
				};
			};
			buildConfigurationList = 6F6E282B1D0FCDB50061B651 /* Build configuration list for PBXProject "FlickDemo" */;
			compatibilityVersion = "Xcode 3.2";
			developmentRegion = English;
			hasScannedForEncodings = 0;
			knownRegions = (
				en,
				Base,
			);
			mainGroup = 6F6E28271D0FCDB50061B651;
			productRefGroup = 6F6E28311D0FCDB50061B651 /* Products */;
			projectDirPath = "";
			projectRoot = "";
			targets = (
				6F6E282F1D0FCDB50061B651 /* FlickDemo */,
				6F6E28461D0FCDB50061B651 /* FlickDemoTests */,
				6F6E28511D0FCDB50061B651 /* FlickDemoUITests */,
			);
		};
/* End PBXProject section */

/* Begin PBXResourcesBuildPhase section */
		6F6E282E1D0FCDB50061B651 /* Resources */ = {
			isa = PBXResourcesBuildPhase;
			buildActionMask = 2147483647;
			files = (
				6F6E28411D0FCDB50061B651 /* LaunchScreen.storyboard in Resources */,
				6F7ACA121D10071E00453345 /* overLayView.xib in Resources */,
				6F6E283E1D0FCDB50061B651 /* Assets.xcassets in Resources */,
				6F6E28391D0FCDB50061B651 /* Main.storyboard in Resources */,
			);
			runOnlyForDeploymentPostprocessing = 0;
		};
		6F6E28451D0FCDB50061B651 /* Resources */ = {
			isa = PBXResourcesBuildPhase;
			buildActionMask = 2147483647;
			files = (
			);
			runOnlyForDeploymentPostprocessing = 0;
		};
		6F6E28501D0FCDB50061B651 /* Resources */ = {
			isa = PBXResourcesBuildPhase;
			buildActionMask = 2147483647;
			files = (
			);
			runOnlyForDeploymentPostprocessing = 0;
		};
/* End PBXResourcesBuildPhase section */

/* Begin PBXShellScriptBuildPhase section */
		13D9C473470DB47163346BBB /* Embed Pods Frameworks */ = {
			isa = PBXShellScriptBuildPhase;
			buildActionMask = 2147483647;
			files = (
			);
			inputPaths = (
			);
			name = "Embed Pods Frameworks";
			outputPaths = (
			);
			runOnlyForDeploymentPostprocessing = 0;
			shellPath = /bin/sh;
			shellScript = "\"${SRCROOT}/Pods/Target Support Files/Pods/Pods-frameworks.sh\"\n";
			showEnvVarsInLog = 0;
		};
		1517C650526D5F666E3951C6 /* Copy Pods Resources */ = {
			isa = PBXShellScriptBuildPhase;
			buildActionMask = 2147483647;
			files = (
			);
			inputPaths = (
			);
			name = "Copy Pods Resources";
			outputPaths = (
			);
			runOnlyForDeploymentPostprocessing = 0;
			shellPath = /bin/sh;
			shellScript = "\"${SRCROOT}/Pods/Target Support Files/Pods/Pods-resources.sh\"\n";
			showEnvVarsInLog = 0;
		};
		6842175A4A5D2E9545A79C8D /* Check Pods Manifest.lock */ = {
			isa = PBXShellScriptBuildPhase;
			buildActionMask = 2147483647;
			files = (
			);
			inputPaths = (
			);
			name = "Check Pods Manifest.lock";
			outputPaths = (
			);
			runOnlyForDeploymentPostprocessing = 0;
			shellPath = /bin/sh;
			shellScript = "diff \"${PODS_ROOT}/../Podfile.lock\" \"${PODS_ROOT}/Manifest.lock\" > /dev/null\nif [[ $? != 0 ]] ; then\n    cat << EOM\nerror: The sandbox is not in sync with the Podfile.lock. Run 'pod install' or update your CocoaPods installation.\nEOM\n    exit 1\nfi\n";
			showEnvVarsInLog = 0;
		};
/* End PBXShellScriptBuildPhase section */

/* Begin PBXSourcesBuildPhase section */
		6F6E282C1D0FCDB50061B651 /* Sources */ = {
			isa = PBXSourcesBuildPhase;
			buildActionMask = 2147483647;
			files = (
				6F6E283C1D0FCDB50061B651 /* FlickDemo.xcdatamodeld in Sources */,
				6FD7CEAA1D112C85002D8696 /* LayoverView.swift in Sources */,
				6FD7CEAC1D114348002D8696 /* backgroundView.swift in Sources */,
				6F6E28361D0FCDB50061B651 /* ViewController.swift in Sources */,
				6FD7CEA81D111FF2002D8696 /* RewriteViewController.swift in Sources */,
				6FD7CE691D10FEC9002D8696 /* FlickView.swift in Sources */,
				6F7ACA101D10032500453345 /* TestViewController.swift in Sources */,
				6F6E28341D0FCDB50061B651 /* AppDelegate.swift in Sources */,
				6F7ACA141D10077900453345 /* overLayView.swift in Sources */,
			);
			runOnlyForDeploymentPostprocessing = 0;
		};
		6F6E28431D0FCDB50061B651 /* Sources */ = {
			isa = PBXSourcesBuildPhase;
			buildActionMask = 2147483647;
			files = (
				6F6E284C1D0FCDB50061B651 /* FlickDemoTests.swift in Sources */,
			);
			runOnlyForDeploymentPostprocessing = 0;
		};
		6F6E284E1D0FCDB50061B651 /* Sources */ = {
			isa = PBXSourcesBuildPhase;
			buildActionMask = 2147483647;
			files = (
				6F6E28571D0FCDB50061B651 /* FlickDemoUITests.swift in Sources */,
			);
			runOnlyForDeploymentPostprocessing = 0;
		};
/* End PBXSourcesBuildPhase section */

/* Begin PBXTargetDependency section */
		6F6E28491D0FCDB50061B651 /* PBXTargetDependency */ = {
			isa = PBXTargetDependency;
			target = 6F6E282F1D0FCDB50061B651 /* FlickDemo */;
			targetProxy = 6F6E28481D0FCDB50061B651 /* PBXContainerItemProxy */;
		};
		6F6E28541D0FCDB50061B651 /* PBXTargetDependency */ = {
			isa = PBXTargetDependency;
			target = 6F6E282F1D0FCDB50061B651 /* FlickDemo */;
			targetProxy = 6F6E28531D0FCDB50061B651 /* PBXContainerItemProxy */;
		};
/* End PBXTargetDependency section */

/* Begin PBXVariantGroup section */
		6F6E28371D0FCDB50061B651 /* Main.storyboard */ = {
			isa = PBXVariantGroup;
			children = (
				6F6E28381D0FCDB50061B651 /* Base */,
			);
			name = Main.storyboard;
			sourceTree = "<group>";
		};
		6F6E283F1D0FCDB50061B651 /* LaunchScreen.storyboard */ = {
			isa = PBXVariantGroup;
			children = (
				6F6E28401D0FCDB50061B651 /* Base */,
			);
			name = LaunchScreen.storyboard;
			sourceTree = "<group>";
		};
/* End PBXVariantGroup section */

/* Begin XCBuildConfiguration section */
		6F6E28591D0FCDB50061B651 /* Debug */ = {
			isa = XCBuildConfiguration;
			buildSettings = {
				ALWAYS_SEARCH_USER_PATHS = NO;
				CLANG_ANALYZER_NONNULL = YES;
				CLANG_CXX_LANGUAGE_STANDARD = "gnu++0x";
				CLANG_CXX_LIBRARY = "libc++";
				CLANG_ENABLE_MODULES = YES;
				CLANG_ENABLE_OBJC_ARC = YES;
				CLANG_WARN_BOOL_CONVERSION = YES;
				CLANG_WARN_CONSTANT_CONVERSION = YES;
				CLANG_WARN_DIRECT_OBJC_ISA_USAGE = YES_ERROR;
				CLANG_WARN_EMPTY_BODY = YES;
				CLANG_WARN_ENUM_CONVERSION = YES;
				CLANG_WARN_INT_CONVERSION = YES;
				CLANG_WARN_OBJC_ROOT_CLASS = YES_ERROR;
				CLANG_WARN_UNREACHABLE_CODE = YES;
				CLANG_WARN__DUPLICATE_METHOD_MATCH = YES;
				"CODE_SIGN_IDENTITY[sdk=iphoneos*]" = "iPhone Developer";
				COPY_PHASE_STRIP = NO;
				DEBUG_INFORMATION_FORMAT = dwarf;
				ENABLE_STRICT_OBJC_MSGSEND = YES;
				ENABLE_TESTABILITY = YES;
				GCC_C_LANGUAGE_STANDARD = gnu99;
				GCC_DYNAMIC_NO_PIC = NO;
				GCC_NO_COMMON_BLOCKS = YES;
				GCC_OPTIMIZATION_LEVEL = 0;
				GCC_PREPROCESSOR_DEFINITIONS = (
					"DEBUG=1",
					"$(inherited)",
				);
				GCC_WARN_64_TO_32_BIT_CONVERSION = YES;
				GCC_WARN_ABOUT_RETURN_TYPE = YES_ERROR;
				GCC_WARN_UNDECLARED_SELECTOR = YES;
				GCC_WARN_UNINITIALIZED_AUTOS = YES_AGGRESSIVE;
				GCC_WARN_UNUSED_FUNCTION = YES;
				GCC_WARN_UNUSED_VARIABLE = YES;
				IPHONEOS_DEPLOYMENT_TARGET = 9.3;
				MTL_ENABLE_DEBUG_INFO = YES;
				ONLY_ACTIVE_ARCH = YES;
				SDKROOT = iphoneos;
				SWIFT_OPTIMIZATION_LEVEL = "-Onone";
				TARGETED_DEVICE_FAMILY = "1,2";
			};
			name = Debug;
		};
		6F6E285A1D0FCDB50061B651 /* Release */ = {
			isa = XCBuildConfiguration;
			buildSettings = {
				ALWAYS_SEARCH_USER_PATHS = NO;
				CLANG_ANALYZER_NONNULL = YES;
				CLANG_CXX_LANGUAGE_STANDARD = "gnu++0x";
				CLANG_CXX_LIBRARY = "libc++";
				CLANG_ENABLE_MODULES = YES;
				CLANG_ENABLE_OBJC_ARC = YES;
				CLANG_WARN_BOOL_CONVERSION = YES;
				CLANG_WARN_CONSTANT_CONVERSION = YES;
				CLANG_WARN_DIRECT_OBJC_ISA_USAGE = YES_ERROR;
				CLANG_WARN_EMPTY_BODY = YES;
				CLANG_WARN_ENUM_CONVERSION = YES;
				CLANG_WARN_INT_CONVERSION = YES;
				CLANG_WARN_OBJC_ROOT_CLASS = YES_ERROR;
				CLANG_WARN_UNREACHABLE_CODE = YES;
				CLANG_WARN__DUPLICATE_METHOD_MATCH = YES;
				"CODE_SIGN_IDENTITY[sdk=iphoneos*]" = "iPhone Developer";
				COPY_PHASE_STRIP = NO;
				DEBUG_INFORMATION_FORMAT = "dwarf-with-dsym";
				ENABLE_NS_ASSERTIONS = NO;
				ENABLE_STRICT_OBJC_MSGSEND = YES;
				GCC_C_LANGUAGE_STANDARD = gnu99;
				GCC_NO_COMMON_BLOCKS = YES;
				GCC_WARN_64_TO_32_BIT_CONVERSION = YES;
				GCC_WARN_ABOUT_RETURN_TYPE = YES_ERROR;
				GCC_WARN_UNDECLARED_SELECTOR = YES;
				GCC_WARN_UNINITIALIZED_AUTOS = YES_AGGRESSIVE;
				GCC_WARN_UNUSED_FUNCTION = YES;
				GCC_WARN_UNUSED_VARIABLE = YES;
				IPHONEOS_DEPLOYMENT_TARGET = 9.3;
				MTL_ENABLE_DEBUG_INFO = NO;
				SDKROOT = iphoneos;
				TARGETED_DEVICE_FAMILY = "1,2";
				VALIDATE_PRODUCT = YES;
			};
			name = Release;
		};
		6F6E285C1D0FCDB50061B651 /* Debug */ = {
			isa = XCBuildConfiguration;
			baseConfigurationReference = D26BE0965692B3A9668EA439 /* Pods.debug.xcconfig */;
			buildSettings = {
				ASSETCATALOG_COMPILER_APPICON_NAME = AppIcon;
				INFOPLIST_FILE = FlickDemo/Info.plist;
				LD_RUNPATH_SEARCH_PATHS = "$(inherited) @executable_path/Frameworks";
				PRODUCT_BUNDLE_IDENTIFIER = com.streamind.FlickDemo;
				PRODUCT_NAME = "$(TARGET_NAME)";
			};
			name = Debug;
		};
		6F6E285D1D0FCDB50061B651 /* Release */ = {
			isa = XCBuildConfiguration;
			baseConfigurationReference = F1978CC337FF3DD494D91522 /* Pods.release.xcconfig */;
			buildSettings = {
				ASSETCATALOG_COMPILER_APPICON_NAME = AppIcon;
				INFOPLIST_FILE = FlickDemo/Info.plist;
				LD_RUNPATH_SEARCH_PATHS = "$(inherited) @executable_path/Frameworks";
				PRODUCT_BUNDLE_IDENTIFIER = com.streamind.FlickDemo;
				PRODUCT_NAME = "$(TARGET_NAME)";
			};
			name = Release;
		};
		6F6E285F1D0FCDB50061B651 /* Debug */ = {
			isa = XCBuildConfiguration;
			buildSettings = {
				BUNDLE_LOADER = "$(TEST_HOST)";
				INFOPLIST_FILE = FlickDemoTests/Info.plist;
				LD_RUNPATH_SEARCH_PATHS = "$(inherited) @executable_path/Frameworks @loader_path/Frameworks";
				PRODUCT_BUNDLE_IDENTIFIER = com.streamind.FlickDemoTests;
				PRODUCT_NAME = "$(TARGET_NAME)";
				TEST_HOST = "$(BUILT_PRODUCTS_DIR)/FlickDemo.app/FlickDemo";
			};
			name = Debug;
		};
		6F6E28601D0FCDB50061B651 /* Release */ = {
			isa = XCBuildConfiguration;
			buildSettings = {
				BUNDLE_LOADER = "$(TEST_HOST)";
				INFOPLIST_FILE = FlickDemoTests/Info.plist;
				LD_RUNPATH_SEARCH_PATHS = "$(inherited) @executable_path/Frameworks @loader_path/Frameworks";
				PRODUCT_BUNDLE_IDENTIFIER = com.streamind.FlickDemoTests;
				PRODUCT_NAME = "$(TARGET_NAME)";
				TEST_HOST = "$(BUILT_PRODUCTS_DIR)/FlickDemo.app/FlickDemo";
			};
			name = Release;
		};
		6F6E28621D0FCDB50061B651 /* Debug */ = {
			isa = XCBuildConfiguration;
			buildSettings = {
				INFOPLIST_FILE = FlickDemoUITests/Info.plist;
				LD_RUNPATH_SEARCH_PATHS = "$(inherited) @executable_path/Frameworks @loader_path/Frameworks";
				PRODUCT_BUNDLE_IDENTIFIER = com.streamind.FlickDemoUITests;
				PRODUCT_NAME = "$(TARGET_NAME)";
				TEST_TARGET_NAME = FlickDemo;
			};
			name = Debug;
		};
		6F6E28631D0FCDB50061B651 /* Release */ = {
			isa = XCBuildConfiguration;
			buildSettings = {
				INFOPLIST_FILE = FlickDemoUITests/Info.plist;
				LD_RUNPATH_SEARCH_PATHS = "$(inherited) @executable_path/Frameworks @loader_path/Frameworks";
				PRODUCT_BUNDLE_IDENTIFIER = com.streamind.FlickDemoUITests;
				PRODUCT_NAME = "$(TARGET_NAME)";
				TEST_TARGET_NAME = FlickDemo;
			};
			name = Release;
		};
/* End XCBuildConfiguration section */

/* Begin XCConfigurationList section */
		6F6E282B1D0FCDB50061B651 /* Build configuration list for PBXProject "FlickDemo" */ = {
			isa = XCConfigurationList;
			buildConfigurations = (
				6F6E28591D0FCDB50061B651 /* Debug */,
				6F6E285A1D0FCDB50061B651 /* Release */,
			);
			defaultConfigurationIsVisible = 0;
			defaultConfigurationName = Release;
		};
		6F6E285B1D0FCDB50061B651 /* Build configuration list for PBXNativeTarget "FlickDemo" */ = {
			isa = XCConfigurationList;
			buildConfigurations = (
				6F6E285C1D0FCDB50061B651 /* Debug */,
				6F6E285D1D0FCDB50061B651 /* Release */,
			);
			defaultConfigurationIsVisible = 0;
			defaultConfigurationName = Release;
		};
		6F6E285E1D0FCDB50061B651 /* Build configuration list for PBXNativeTarget "FlickDemoTests" */ = {
			isa = XCConfigurationList;
			buildConfigurations = (
				6F6E285F1D0FCDB50061B651 /* Debug */,
				6F6E28601D0FCDB50061B651 /* Release */,
			);
			defaultConfigurationIsVisible = 0;
			defaultConfigurationName = Release;
		};
		6F6E28611D0FCDB50061B651 /* Build configuration list for PBXNativeTarget "FlickDemoUITests" */ = {
			isa = XCConfigurationList;
			buildConfigurations = (
				6F6E28621D0FCDB50061B651 /* Debug */,
				6F6E28631D0FCDB50061B651 /* Release */,
			);
			defaultConfigurationIsVisible = 0;
			defaultConfigurationName = Release;
		};
/* End XCConfigurationList section */

/* Begin XCVersionGroup section */
		6F6E283A1D0FCDB50061B651 /* FlickDemo.xcdatamodeld */ = {
			isa = XCVersionGroup;
			children = (
				6F6E283B1D0FCDB50061B651 /* FlickDemo.xcdatamodel */,
			);
			currentVersion = 6F6E283B1D0FCDB50061B651 /* FlickDemo.xcdatamodel */;
			path = FlickDemo.xcdatamodeld;
			sourceTree = "<group>";
			versionGroupType = wrapper.xcdatamodel;
		};
/* End XCVersionGroup section */
	};
	rootObject = 6F6E28281D0FCDB50061B651 /* Project object */;
}
